<?xml version="1.0" encoding="utf-8"?>
<Project ToolsVersion="4.0" xmlns="http://schemas.microsoft.com/developer/msbuild/2003">
  <ItemGroup>
    <Filter Include="TitanPulse">
      <UniqueIdentifier>{0E73568F-FA2A-98DC-6332-71384F0933CD}</UniqueIdentifier>
    </Filter>
    <Filter Include="TitanPulse\Events">
      <UniqueIdentifier>{3263467C-9E79-4412-E7F0-CF335346159A}</UniqueIdentifier>
    </Filter>
    <Filter Include="TitanPulse\Platform">
      <UniqueIdentifier>{22FF89C3-8E60-67D1-17CE-AD83832E9E90}</UniqueIdentifier>
    </Filter>
    <Filter Include="TitanPulse\Platform\Windows">
      <UniqueIdentifier>{5CABAD2F-C8B8-DB15-519F-D700BDABA7CC}</UniqueIdentifier>
    </Filter>
  </ItemGroup>
  <ItemGroup>
    <ClInclude Include="src\TItanPulse.h" />
    <ClInclude Include="src\TitanPulse\Application.h">
      <Filter>TitanPulse</Filter>
    </ClInclude>
    <ClInclude Include="src\TitanPulse\Core.h">
      <Filter>TitanPulse</Filter>
    </ClInclude>
    <ClInclude Include="src\TitanPulse\EntryPoint.h">
      <Filter>TitanPulse</Filter>
    </ClInclude>
    <ClInclude Include="src\TitanPulse\Events\ApplicationEvent.h">
      <Filter>TitanPulse\Events</Filter>
    </ClInclude>
    <ClInclude Include="src\TitanPulse\Events\Events.h">
      <Filter>TitanPulse\Events</Filter>
    </ClInclude>
    <ClInclude Include="src\TitanPulse\Events\KeyEvent.h">
      <Filter>TitanPulse\Events</Filter>
    </ClInclude>
    <ClInclude Include="src\TitanPulse\Events\MouseEvent.h">
      <Filter>TitanPulse\Events</Filter>
    </ClInclude>
    <ClInclude Include="src\TitanPulse\Layer.h">
      <Filter>TitanPulse</Filter>
    </ClInclude>
    <ClInclude Include="src\TitanPulse\LayerStack.h">
      <Filter>TitanPulse</Filter>
    </ClInclude>
    <ClInclude Include="src\TitanPulse\Log.h">
      <Filter>TitanPulse</Filter>
    </ClInclude>
    <ClInclude Include="src\TitanPulse\Platform\Windows\WindowsWindow.h">
      <Filter>TitanPulse\Platform\Windows</Filter>
    </ClInclude>
    <ClInclude Include="src\TitanPulse\Window.h">
      <Filter>TitanPulse</Filter>
    </ClInclude>
    <ClInclude Include="src\tppch.h" />
  </ItemGroup>
  <ItemGroup>
    <ClCompile Include="src\TitanPulse\Application.cpp">
      <Filter>TitanPulse</Filter>
    </ClCompile>
    <ClCompile Include="src\TitanPulse\Layer.cpp">
      <Filter>TitanPulse</Filter>
    </ClCompile>
    <ClCompile Include="src\TitanPulse\LayerStack.cpp">
      <Filter>TitanPulse</Filter>
    </ClCompile>
    <ClCompile Include="src\TitanPulse\Log.cpp">
      <Filter>TitanPulse</Filter>
    </ClCompile>
    <ClCompile Include="src\TitanPulse\Platform\Windows\WindowsWindow.cpp">
      <Filter>TitanPulse\Platform\Windows</Filter>
    </ClCompile>
    <ClCompile Include="src\tppch.cpp" />
  </ItemGroup>
</Project>